
Microsoft Visual Studio Solution File, Format Version 12.00
# Visual Studio 15
VisualStudioVersion = 15.0.27130.2024
MinimumVisualStudioVersion = 10.0.40219.1
Project("{FAE04EC0-301F-11D3-BF4B-00C04F79EFBC}") = "JSONPlaceholderAPIClient", "JSONPlaceholderAPIClient\JSONPlaceholderAPIClient.csproj", "{D780462F-6E3B-4F33-A116-F186CF35FCD5}"
EndProject
Project("{FAE04EC0-301F-11D3-BF4B-00C04F79EFBC}") = "JSONPlaceholderTests", "JSONPlaceholderTests\JSONPlaceholderTests.csproj", "{0CBED1B1-1E35-47E5-B67E-33F231002626}"
EndProject
Global
	GlobalSection(SolutionConfigurationPlatforms) = preSolution
		Debug|Any CPU = Debug|Any CPU
		Release|Any CPU = Release|Any CPU
	EndGlobalSection
	GlobalSection(ProjectConfigurationPlatforms) = postSolution
		{D780462F-6E3B-4F33-A116-F186CF35FCD5}.Debug|Any CPU.ActiveCfg = Debug|Any CPU
		{D780462F-6E3B-4F33-A116-F186CF35FCD5}.Debug|Any CPU.Build.0 = Debug|Any CPU
		{D780462F-6E3B-4F33-A116-F186CF35FCD5}.Release|Any CPU.ActiveCfg = Release|Any CPU
		{D780462F-6E3B-4F33-A116-F186CF35FCD5}.Release|Any CPU.Build.0 = Release|Any CPU
		{0CBED1B1-1E35-47E5-B67E-33F231002626}.Debug|Any CPU.ActiveCfg = Debug|Any CPU
		{0CBED1B1-1E35-47E5-B67E-33F231002626}.Debug|Any CPU.Build.0 = Debug|Any CPU
		{0CBED1B1-1E35-47E5-B67E-33F231002626}.Release|Any CPU.ActiveCfg = Release|Any CPU
		{0CBED1B1-1E35-47E5-B67E-33F231002626}.Release|Any CPU.Build.0 = Release|Any CPU
	EndGlobalSection
	GlobalSection(SolutionProperties) = preSolution
		HideSolutionNode = FALSE
	EndGlobalSection
	GlobalSection(ExtensibilityGlobals) = postSolution
		SolutionGuid = {201F800B-AD01-47EA-8888-A94704842546}
	EndGlobalSection
EndGlobal
